<?xml version="1.0" encoding="utf-8"?>
<Project xmlns="http://schemas.microsoft.com/developer/msbuild/2003">
  <ItemGroup>
    <Filter Include="Form Files">
      <UniqueIdentifier>{99349809-55BA-4b9d-BF79-8FDBB0286EB3}</UniqueIdentifier>
      <Extensions>ui</Extensions>
      <ParseFiles>false</ParseFiles>
    </Filter>
    <Filter Include="Form Files">
      <UniqueIdentifier>{99349809-55BA-4b9d-BF79-8FDBB0286EB3}</UniqueIdentifier>
      <Extensions>ui</Extensions>
      <ParseFiles>false</ParseFiles>
    </Filter>
    <Filter Include="Generated Files">
      <UniqueIdentifier>{71ED8ED8-ACB9-4CE9-BBE1-E00B30144E11}</UniqueIdentifier>
      <Extensions>cpp;c;cxx;moc;h;def;odl;idl;res;</Extensions>
    </Filter>
    <Filter Include="Generated Files">
      <UniqueIdentifier>{71ED8ED8-ACB9-4CE9-BBE1-E00B30144E11}</UniqueIdentifier>
      <Extensions>cpp;c;cxx;moc;h;def;odl;idl;res;</Extensions>
    </Filter>
    <Filter Include="Header Files">
      <UniqueIdentifier>{93995380-89BD-4b04-88EB-625FBE52EBFB}</UniqueIdentifier>
      <Extensions>h;hpp;hxx;hm;inl;inc;xsd</Extensions>
    </Filter>
    <Filter Include="Header Files">
      <UniqueIdentifier>{93995380-89BD-4b04-88EB-625FBE52EBFB}</UniqueIdentifier>
      <Extensions>h;hpp;hxx;hm;inl;inc;xsd</Extensions>
    </Filter>
    <Filter Include="Resource Files">
      <UniqueIdentifier>{D9D6E242-F8AF-46E4-B9FD-80ECBC20BA3E}</UniqueIdentifier>
      <Extensions>qrc;*</Extensions>
      <ParseFiles>false</ParseFiles>
    </Filter>
    <Filter Include="Resource Files">
      <UniqueIdentifier>{D9D6E242-F8AF-46E4-B9FD-80ECBC20BA3E}</UniqueIdentifier>
      <Extensions>qrc;*</Extensions>
      <ParseFiles>false</ParseFiles>
    </Filter>
    <Filter Include="Source Files">
      <UniqueIdentifier>{4FC737F1-C7A5-4376-A066-2A32D752A2FF}</UniqueIdentifier>
      <Extensions>cpp;c;cxx;def;odl;idl;hpj;bat;asm;asmx</Extensions>
    </Filter>
    <Filter Include="Source Files">
      <UniqueIdentifier>{4FC737F1-C7A5-4376-A066-2A32D752A2FF}</UniqueIdentifier>
      <Extensions>cpp;c;cxx;def;odl;idl;hpj;bat;asm;asmx</Extensions>
    </Filter>
    <Filter Include="Generated Files\Debug">
      <UniqueIdentifier>{eadcc8c8-bf82-42d8-873b-6fb38c68e4bd}</UniqueIdentifier>
      <Extensions>cpp;moc</Extensions>
      <SourceControlFiles>False</SourceControlFiles>
    </Filter>
    <Filter Include="Generated Files\Release">
      <UniqueIdentifier>{55870d72-9855-444f-992f-75c50dbabd89}</UniqueIdentifier>
      <Extensions>cpp;moc</Extensions>
      <SourceControlFiles>False</SourceControlFiles>
    </Filter>
  </ItemGroup>
  <ItemGroup>
    <ClCompile Include="AbstractGroup.cpp">
      <Filter>Source Files</Filter>
    </ClCompile>
    <ClCompile Include="ActiveSelection.cpp">
      <Filter>Source Files</Filter>
    </ClCompile>
    <ClCompile Include="commands\BringForwardCommand.cpp">
      <Filter>Source Files</Filter>
    </ClCompile>
    <ClCompile Include="commands\BringToFrontCommand.cpp">
      <Filter>Source Files</Filter>
    </ClCompile>
    <ClCompile Include="commands\BulkOrderCommand.cpp">
      <Filter>Source Files</Filter>
    </ClCompile>
    <ClCompile Include="Canvas.cpp">
      <Filter>Source Files</Filter>
    </ClCompile>
    <ClCompile Include="commands\ChangeOrderCommand.cpp">
      <Filter>Source Files</Filter>
    </ClCompile>
    <ClCompile Include="shapes\Circle.cpp">
      <Filter>Source Files</Filter>
    </ClCompile>
    <ClCompile Include="Command.cpp">
      <Filter>Source Files</Filter>
    </ClCompile>
    <ClCompile Include="CommandStack.cpp">
      <Filter>Source Files</Filter>
    </ClCompile>
    <ClCompile Include="commands\DeleteSelectedCommand.cpp">
      <Filter>Source Files</Filter>
    </ClCompile>
    <ClCompile Include="tools\DrawCircleTool.cpp">
      <Filter>Source Files</Filter>
    </ClCompile>
    <ClCompile Include="commands\DrawCommand.cpp">
      <Filter>Source Files</Filter>
    </ClCompile>
    <ClCompile Include="DrawDialog.cpp">
      <Filter>Source Files</Filter>
    </ClCompile>
    <ClCompile Include="DrawDialogFactory.cpp">
      <Filter>Source Files</Filter>
    </ClCompile>
    <ClCompile Include="tools\DrawLineTool.cpp">
      <Filter>Source Files</Filter>
    </ClCompile>
    <ClCompile Include="tools\DrawRectangleTool.cpp">
      <Filter>Source Files</Filter>
    </ClCompile>
    <ClCompile Include="fileio\FileReaderFactory.cpp">
      <Filter>Source Files</Filter>
    </ClCompile>
    <ClCompile Include="fileio\FileWriterFactory.cpp">
      <Filter>Source Files</Filter>
    </ClCompile>
    <ClCompile Include="GlobalDrawProperties.cpp">
      <Filter>Source Files</Filter>
    </ClCompile>
    <ClCompile Include="Group.cpp">
      <Filter>Source Files</Filter>
    </ClCompile>
    <ClCompile Include="fileio\JsonFileReader.cpp">
      <Filter>Source Files</Filter>
    </ClCompile>
    <ClCompile Include="fileio\JsonFileWriter.cpp">
      <Filter>Source Files</Filter>
    </ClCompile>
    <ClCompile Include="shapes\Line.cpp">
      <Filter>Source Files</Filter>
    </ClCompile>
    <ClCompile Include="MainCommandStack.cpp">
      <Filter>Source Files</Filter>
    </ClCompile>
    <ClCompile Include="MainWindow.cpp">
      <Filter>Source Files</Filter>
    </ClCompile>
    <ClCompile Include="commands\MoveSelectionCommand.cpp">
      <Filter>Source Files</Filter>
    </ClCompile>
    <ClCompile Include="PropertyColorButton.cpp">
      <Filter>Source Files</Filter>
    </ClCompile>
    <ClCompile Include="PropertySpinBox.cpp">
      <Filter>Source Files</Filter>
    </ClCompile>
    <ClCompile Include="shapes\Rectangle.cpp">
      <Filter>Source Files</Filter>
    </ClCompile>
    <ClCompile Include="Selection.cpp">
      <Filter>Source Files</Filter>
    </ClCompile>
    <ClCompile Include="tools\SelectionTool.cpp">
      <Filter>Source Files</Filter>
    </ClCompile>
    <ClCompile Include="commands\SendBackwardCommand.cpp">
      <Filter>Source Files</Filter>
    </ClCompile>
    <ClCompile Include="commands\SendToBackCommand.cpp">
      <Filter>Source Files</Filter>
    </ClCompile>
    <ClCompile Include="Shape.cpp">
      <Filter>Source Files</Filter>
    </ClCompile>
    <ClCompile Include="Tool.cpp">
      <Filter>Source Files</Filter>
    </ClCompile>
    <ClCompile Include="VisualEntity.cpp">
      <Filter>Source Files</Filter>
    </ClCompile>
    <ClCompile Include="main.cpp">
      <Filter>Source Files</Filter>
    </ClCompile>
    <ClCompile Include="Debug\moc_Canvas.cpp">
      <Filter>Generated Files\Debug</Filter>
    </ClCompile>
    <ClCompile Include="Release\moc_Canvas.cpp">
      <Filter>Generated Files\Release</Filter>
    </ClCompile>
    <ClCompile Include="Debug\moc_DrawDialog.cpp">
      <Filter>Generated Files\Debug</Filter>
    </ClCompile>
    <ClCompile Include="Release\moc_DrawDialog.cpp">
      <Filter>Generated Files\Release</Filter>
    </ClCompile>
    <ClCompile Include="Debug\moc_GlobalDrawProperties.cpp">
      <Filter>Generated Files\Debug</Filter>
    </ClCompile>
    <ClCompile Include="Release\moc_GlobalDrawProperties.cpp">
      <Filter>Generated Files\Release</Filter>
    </ClCompile>
    <ClCompile Include="Debug\moc_MainWindow.cpp">
      <Filter>Generated Files\Debug</Filter>
    </ClCompile>
    <ClCompile Include="Release\moc_MainWindow.cpp">
      <Filter>Generated Files\Release</Filter>
    </ClCompile>
    <ClCompile Include="GeneratedFiles\qrc_resource.cpp">
      <Filter>Generated Files</Filter>
    </ClCompile>
  </ItemGroup>
  <ItemGroup>
    <ClInclude Include="AbstractGroup.hpp">
      <Filter>Header Files</Filter>
    </ClInclude>
    <ClInclude Include="ActiveSelection.hpp">
      <Filter>Header Files</Filter>
    </ClInclude>
    <ClInclude Include="commands\BringForwardCommand.hpp">
      <Filter>Header Files</Filter>
    </ClInclude>
    <ClInclude Include="commands\BringToFrontCommand.hpp">
      <Filter>Header Files</Filter>
    </ClInclude>
    <ClInclude Include="commands\BulkOrderCommand.hpp">
      <Filter>Header Files</Filter>
    </ClInclude>
    <CustomBuild Include="Canvas.hpp">
      <Filter>Header Files</Filter>
    </CustomBuild>
    <ClInclude Include="commands\ChangeOrderCommand.hpp">
      <Filter>Header Files</Filter>
    </ClInclude>
    <ClInclude Include="commands\ChangePropertyCommand.hpp">
      <Filter>Header Files</Filter>
    </ClInclude>
    <ClInclude Include="commands\ChangePropertyCommandList.hpp">
      <Filter>Header Files</Filter>
    </ClInclude>
    <ClInclude Include="shapes\Circle.hpp">
      <Filter>Header Files</Filter>
    </ClInclude>
    <ClInclude Include="Command.hpp">
      <Filter>Header Files</Filter>
    </ClInclude>
    <ClInclude Include="CommandStack.hpp">
      <Filter>Header Files</Filter>
    </ClInclude>
    <ClInclude Include="commands\DeleteSelectedCommand.hpp">
      <Filter>Header Files</Filter>
    </ClInclude>
    <ClInclude Include="tools\DrawCircleTool.hpp">
      <Filter>Header Files</Filter>
    </ClInclude>
    <ClInclude Include="commands\DrawCommand.hpp">
      <Filter>Header Files</Filter>
    </ClInclude>
    <CustomBuild Include="DrawDialog.hpp">
      <Filter>Header Files</Filter>
    </CustomBuild>
    <ClInclude Include="DrawDialogFactory.hpp">
      <Filter>Header Files</Filter>
    </ClInclude>
    <ClInclude Include="tools\DrawLineTool.hpp">
      <Filter>Header Files</Filter>
    </ClInclude>
    <ClInclude Include="tools\DrawRectangleTool.hpp">
      <Filter>Header Files</Filter>
    </ClInclude>
    <ClInclude Include="fileio\FileReaderFactory.hpp">
      <Filter>Header Files</Filter>
    </ClInclude>
    <ClInclude Include="fileio\FileWriterFactory.hpp">
      <Filter>Header Files</Filter>
    </ClInclude>
    <CustomBuild Include="GlobalDrawProperties.hpp">
      <Filter>Header Files</Filter>
    </CustomBuild>
    <ClInclude Include="Group.hpp">
      <Filter>Header Files</Filter>
    </ClInclude>
    <ClInclude Include="interfaces\IDrawable.hpp">
      <Filter>Header Files</Filter>
    </ClInclude>
    <ClInclude Include="interfaces\IFileReader.hpp">
      <Filter>Header Files</Filter>
    </ClInclude>
    <ClInclude Include="interfaces\IFileWriter.hpp">
      <Filter>Header Files</Filter>
    </ClInclude>
    <ClInclude Include="interfaces\IFillable.hpp">
      <Filter>Header Files</Filter>
    </ClInclude>
    <ClInclude Include="interfaces\ILine.hpp">
      <Filter>Header Files</Filter>
    </ClInclude>
    <ClInclude Include="interfaces\ISelectable.hpp">
      <Filter>Header Files</Filter>
    </ClInclude>
    <ClInclude Include="interfaces\ITransformable.hpp">
      <Filter>Header Files</Filter>
    </ClInclude>
    <ClInclude Include="fileio\JsonFileReader.hpp">
      <Filter>Header Files</Filter>
    </ClInclude>
    <ClInclude Include="fileio\JsonFileWriter.hpp">
      <Filter>Header Files</Filter>
    </ClInclude>
    <ClInclude Include="shapes\Line.hpp">
      <Filter>Header Files</Filter>
    </ClInclude>
    <ClInclude Include="MainCommandStack.hpp">
      <Filter>Header Files</Filter>
    </ClInclude>
    <CustomBuild Include="MainWindow.hpp">
      <Filter>Header Files</Filter>
    </CustomBuild>
    <ClInclude Include="commands\MoveSelectionCommand.hpp">
      <Filter>Header Files</Filter>
    </ClInclude>
    <ClInclude Include="PropertyColorButton.hpp">
      <Filter>Header Files</Filter>
    </ClInclude>
    <ClInclude Include="PropertySpinBox.hpp">
      <Filter>Header Files</Filter>
    </ClInclude>
    <ClInclude Include="shapes\Rectangle.hpp">
      <Filter>Header Files</Filter>
    </ClInclude>
    <ClInclude Include="Selection.hpp">
      <Filter>Header Files</Filter>
    </ClInclude>
    <ClInclude Include="tools\SelectionTool.hpp">
      <Filter>Header Files</Filter>
    </ClInclude>
    <ClInclude Include="commands\SendBackwardCommand.hpp">
      <Filter>Header Files</Filter>
    </ClInclude>
    <ClInclude Include="commands\SendToBackCommand.hpp">
      <Filter>Header Files</Filter>
    </ClInclude>
    <ClInclude Include="Shape.hpp">
      <Filter>Header Files</Filter>
    </ClInclude>
    <ClInclude Include="Signal.hpp">
      <Filter>Header Files</Filter>
    </ClInclude>
    <ClInclude Include="Tool.hpp">
      <Filter>Header Files</Filter>
    </ClInclude>
    <ClInclude Include="VisualEntity.hpp">
      <Filter>Header Files</Filter>
    </ClInclude>
    <ClInclude Include="GeneratedFiles\ui_drawdialog.h">
      <Filter>Generated Files</Filter>
    </ClInclude>
    <ClInclude Include="GeneratedFiles\ui_mainwindow.h">
      <Filter>Generated Files</Filter>
    </ClInclude>
  </ItemGroup>
  <ItemGroup>
    <CustomBuild Include="debug\moc_predefs.h.cbt">
      <Filter>Generated Files</Filter>
    </CustomBuild>
    <CustomBuild Include="release\moc_predefs.h.cbt">
      <Filter>Generated Files</Filter>
    </CustomBuild>
  </ItemGroup>
  <ItemGroup>
    <CustomBuild Include="drawdialog.ui">
      <Filter>Form Files</Filter>
    </CustomBuild>
    <CustomBuild Include="mainwindow.ui">
      <Filter>Form Files</Filter>
    </CustomBuild>
  </ItemGroup>
  <ItemGroup>
    <None Include="resource\CircleIcon.png">
      <Filter>Resource Files</Filter>
    </None>
    <None Include="resource\CursorIcon.png">
      <Filter>Resource Files</Filter>
    </None>
    <None Include="resource\LineIcon.png">
      <Filter>Resource Files</Filter>
    </None>
    <None Include="resource\RectangleIcon.png">
      <Filter>Resource Files</Filter>
    </None>
    <None Include="resource\bringForward.png">
      <Filter>Resource Files</Filter>
    </None>
    <None Include="resource\bringToFront.png">
      <Filter>Resource Files</Filter>
    </None>
    <None Include="resource\new.png">
      <Filter>Resource Files</Filter>
    </None>
    <None Include="resource\open.png">
      <Filter>Resource Files</Filter>
    </None>
    <None Include="resource\redo.png">
      <Filter>Resource Files</Filter>
    </None>
    <CustomBuild Include="resource.qrc">
      <Filter>Resource Files</Filter>
    </CustomBuild>
    <None Include="resource\save.png">
      <Filter>Resource Files</Filter>
    </None>
    <None Include="resource\sendBackward.png">
      <Filter>Resource Files</Filter>
    </None>
    <None Include="resource\sendToBack.png">
      <Filter>Resource Files</Filter>
    </None>
    <None Include="resource\trash_can.png">
      <Filter>Resource Files</Filter>
    </None>
    <None Include="resource\undo.png">
      <Filter>Resource Files</Filter>
    </None>
  </ItemGroup>
</Project>